
Microsoft Visual Studio Solution File, Format Version 12.00
# Visual Studio Version 17
VisualStudioVersion = 17.13.35828.75 d17.13
MinimumVisualStudioVersion = 10.0.40219.1
Project("{FAE04EC0-301F-11D3-BF4B-00C04F79EFBC}") = "MedicalSystemDesktop", "MedicalSystemDesktop\MedicalSystemDesktop.csproj", "{2533BBC1-47FE-4ED9-BF14-2914821E3952}"
EndProject
Global
	GlobalSection(SolutionConfigurationPlatforms) = preSolution
		Debug|Any CPU = Debug|Any CPU
		Release|Any CPU = Release|Any CPU
	EndGlobalSection
	GlobalSection(ProjectConfigurationPlatforms) = postSolution
		{2533BBC1-47FE-4ED9-BF14-2914821E3952}.Debug|Any CPU.ActiveCfg = Debug|Any CPU
		{2533BBC1-47FE-4ED9-BF14-2914821E3952}.Debug|Any CPU.Build.0 = Debug|Any CPU
		{2533BBC1-47FE-4ED9-BF14-2914821E3952}.Release|Any CPU.ActiveCfg = Release|Any CPU
		{2533BBC1-47FE-4ED9-BF14-2914821E3952}.Release|Any CPU.Build.0 = Release|Any CPU
	EndGlobalSection
	GlobalSection(SolutionProperties) = preSolution
		HideSolutionNode = FALSE
	EndGlobalSection
	GlobalSection(ExtensibilityGlobals) = postSolution
		SolutionGuid = {927B2194-7EFD-4619-95BC-3ACED0F04DBF}
	EndGlobalSection
EndGlobal
